
Microsoft Visual Studio Solution File, Format Version 12.00
# Visual Studio Version 17
VisualStudioVersion = 17.13.35818.85 d17.13
MinimumVisualStudioVersion = 10.0.40219.1
Project("{FAE04EC0-301F-11D3-BF4B-00C04F79EFBC}") = "Aula51", "Aula51\Aula51.csproj", "{50B36ECC-9ED4-4CA8-83BA-ACED32642DB1}"
EndProject
Global
	GlobalSection(SolutionConfigurationPlatforms) = preSolution
		Debug|Any CPU = Debug|Any CPU
		Release|Any CPU = Release|Any CPU
	EndGlobalSection
	GlobalSection(ProjectConfigurationPlatforms) = postSolution
		{50B36ECC-9ED4-4CA8-83BA-ACED32642DB1}.Debug|Any CPU.ActiveCfg = Debug|Any CPU
		{50B36ECC-9ED4-4CA8-83BA-ACED32642DB1}.Debug|Any CPU.Build.0 = Debug|Any CPU
		{50B36ECC-9ED4-4CA8-83BA-ACED32642DB1}.Release|Any CPU.ActiveCfg = Release|Any CPU
		{50B36ECC-9ED4-4CA8-83BA-ACED32642DB1}.Release|Any CPU.Build.0 = Release|Any CPU
	EndGlobalSection
	GlobalSection(SolutionProperties) = preSolution
		HideSolutionNode = FALSE
	EndGlobalSection
	GlobalSection(ExtensibilityGlobals) = postSolution
		SolutionGuid = {3728AA10-8C22-4AF0-8AA6-2F436395465D}
	EndGlobalSection
EndGlobal
